// !$*UTF8*$!
{
	archiveVersion = 1;
	classes = {
	};
	objectVersion = 56;
	objects = {

/* Begin PBXBuildFile section */
		D3D060232C53F9D5003E73FF /* experimental_coding___githubApp.swift in Sources */ = {isa = PBXBuildFile; fileRef = D3D060222C53F9D5003E73FF /* experimental_coding___githubApp.swift */; };
		D3D060252C53F9D5003E73FF /* ContentView.swift in Sources */ = {isa = PBXBuildFile; fileRef = D3D060242C53F9D5003E73FF /* ContentView.swift */; };
		D3D060272C53F9D7003E73FF /* Assets.xcassets in Resources */ = {isa = PBXBuildFile; fileRef = D3D060262C53F9D7003E73FF /* Assets.xcassets */; };
		D3D0602A2C53F9D7003E73FF /* Preview Assets.xcassets in Resources */ = {isa = PBXBuildFile; fileRef = D3D060292C53F9D7003E73FF /* Preview Assets.xcassets */; };
		D3D060342C53F9D8003E73FF /* experimental_coding___githubTests.swift in Sources */ = {isa = PBXBuildFile; fileRef = D3D060332C53F9D8003E73FF /* experimental_coding___githubTests.swift */; };
		D3D0603E2C53F9D8003E73FF /* experimental_coding___githubUITests.swift in Sources */ = {isa = PBXBuildFile; fileRef = D3D0603D2C53F9D8003E73FF /* experimental_coding___githubUITests.swift */; };
		D3D060402C53F9D8003E73FF /* experimental_coding___githubUITestsLaunchTests.swift in Sources */ = {isa = PBXBuildFile; fileRef = D3D0603F2C53F9D8003E73FF /* experimental_coding___githubUITestsLaunchTests.swift */; };
/* End PBXBuildFile section */

/* Begin PBXContainerItemProxy section */
		D3D060302C53F9D8003E73FF /* PBXContainerItemProxy */ = {
			isa = PBXContainerItemProxy;
			containerPortal = D3D060172C53F9D5003E73FF /* Project object */;
			proxyType = 1;
			remoteGlobalIDString = D3D0601E2C53F9D5003E73FF;
			remoteInfo = "experimental coding + github";
		};
		D3D0603A2C53F9D8003E73FF /* PBXContainerItemProxy */ = {
			isa = PBXContainerItemProxy;
			containerPortal = D3D060172C53F9D5003E73FF /* Project object */;
			proxyType = 1;
			remoteGlobalIDString = D3D0601E2C53F9D5003E73FF;
			remoteInfo = "experimental coding + github";
		};
/* End PBXContainerItemProxy section */

/* Begin PBXFileReference section */
		D3D0601F2C53F9D5003E73FF /* experimental coding + github.app */ = {isa = PBXFileReference; explicitFileType = wrapper.application; includeInIndex = 0; path = "experimental coding + github.app"; sourceTree = BUILT_PRODUCTS_DIR; };
		D3D060222C53F9D5003E73FF /* experimental_coding___githubApp.swift */ = {isa = PBXFileReference; lastKnownFileType = sourcecode.swift; path = "experimental_coding___githubApp.swift"; sourceTree = "<group>"; };
		D3D060242C53F9D5003E73FF /* ContentView.swift */ = {isa = PBXFileReference; lastKnownFileType = sourcecode.swift; path = ContentView.swift; sourceTree = "<group>"; };
		D3D060262C53F9D7003E73FF /* Assets.xcassets */ = {isa = PBXFileReference; lastKnownFileType = folder.assetcatalog; path = Assets.xcassets; sourceTree = "<group>"; };
		D3D060292C53F9D7003E73FF /* Preview Assets.xcassets */ = {isa = PBXFileReference; lastKnownFileType = folder.assetcatalog; path = "Preview Assets.xcassets"; sourceTree = "<group>"; };
		D3D0602F2C53F9D8003E73FF /* experimental coding + githubTests.xctest */ = {isa = PBXFileReference; explicitFileType = wrapper.cfbundle; includeInIndex = 0; path = "experimental coding + githubTests.xctest"; sourceTree = BUILT_PRODUCTS_DIR; };
		D3D060332C53F9D8003E73FF /* experimental_coding___githubTests.swift */ = {isa = PBXFileReference; lastKnownFileType = sourcecode.swift; path = "experimental_coding___githubTests.swift"; sourceTree = "<group>"; };
		D3D060392C53F9D8003E73FF /* experimental coding + githubUITests.xctest */ = {isa = PBXFileReference; explicitFileType = wrapper.cfbundle; includeInIndex = 0; path = "experimental coding + githubUITests.xctest"; sourceTree = BUILT_PRODUCTS_DIR; };
		D3D0603D2C53F9D8003E73FF /* experimental_coding___githubUITests.swift */ = {isa = PBXFileReference; lastKnownFileType = sourcecode.swift; path = "experimental_coding___githubUITests.swift"; sourceTree = "<group>"; };
		D3D0603F2C53F9D8003E73FF /* experimental_coding___githubUITestsLaunchTests.swift */ = {isa = PBXFileReference; lastKnownFileType = sourcecode.swift; path = "experimental_coding___githubUITestsLaunchTests.swift"; sourceTree = "<group>"; };
/* End PBXFileReference section */

/* Begin PBXFrameworksBuildPhase section */
		D3D0601C2C53F9D5003E73FF /* Frameworks */ = {
			isa = PBXFrameworksBuildPhase;
			buildActionMask = 2147483647;
			files = (
			);
			runOnlyForDeploymentPostprocessing = 0;
		};
		D3D0602C2C53F9D8003E73FF /* Frameworks */ = {
			isa = PBXFrameworksBuildPhase;
			buildActionMask = 2147483647;
			files = (
			);
			runOnlyForDeploymentPostprocessing = 0;
		};
		D3D060362C53F9D8003E73FF /* Frameworks */ = {
			isa = PBXFrameworksBuildPhase;
			buildActionMask = 2147483647;
			files = (
			);
			runOnlyForDeploymentPostprocessing = 0;
		};
/* End PBXFrameworksBuildPhase section */

/* Begin PBXGroup section */
		D3D060162C53F9D5003E73FF = {
			isa = PBXGroup;
			children = (
				D3D060212C53F9D5003E73FF /* experimental coding + github */,
				D3D060322C53F9D8003E73FF /* experimental coding + githubTests */,
				D3D0603C2C53F9D8003E73FF /* experimental coding + githubUITests */,
				D3D060202C53F9D5003E73FF /* Products */,
			);
			sourceTree = "<group>";
		};
		D3D060202C53F9D5003E73FF /* Products */ = {
			isa = PBXGroup;
			children = (
				D3D0601F2C53F9D5003E73FF /* experimental coding + github.app */,
				D3D0602F2C53F9D8003E73FF /* experimental coding + githubTests.xctest */,
				D3D060392C53F9D8003E73FF /* experimental coding + githubUITests.xctest */,
			);
			name = Products;
			sourceTree = "<group>";
		};
		D3D060212C53F9D5003E73FF /* experimental coding + github */ = {
			isa = PBXGroup;
			children = (
				D3D060222C53F9D5003E73FF /* experimental_coding___githubApp.swift */,
				D3D060242C53F9D5003E73FF /* ContentView.swift */,
				D3D060262C53F9D7003E73FF /* Assets.xcassets */,
				D3D060282C53F9D7003E73FF /* Preview Content */,
			);
			path = "experimental coding + github";
			sourceTree = "<group>";
		};
		D3D060282C53F9D7003E73FF /* Preview Content */ = {
			isa = PBXGroup;
			children = (
				D3D060292C53F9D7003E73FF /* Preview Assets.xcassets */,
			);
			path = "Preview Content";
			sourceTree = "<group>";
		};
		D3D060322C53F9D8003E73FF /* experimental coding + githubTests */ = {
			isa = PBXGroup;
			children = (
				D3D060332C53F9D8003E73FF /* experimental_coding___githubTests.swift */,
			);
			path = "experimental coding + githubTests";
			sourceTree = "<group>";
		};
		D3D0603C2C53F9D8003E73FF /* experimental coding + githubUITests */ = {
			isa = PBXGroup;
			children = (
				D3D0603D2C53F9D8003E73FF /* experimental_coding___githubUITests.swift */,
				D3D0603F2C53F9D8003E73FF /* experimental_coding___githubUITestsLaunchTests.swift */,
			);
			path = "experimental coding + githubUITests";
			sourceTree = "<group>";
		};
/* End PBXGroup section */

/* Begin PBXNativeTarget section */
		D3D0601E2C53F9D5003E73FF /* experimental coding + github */ = {
			isa = PBXNativeTarget;
			buildConfigurationList = D3D060432C53F9D8003E73FF /* Build configuration list for PBXNativeTarget "experimental coding + github" */;
			buildPhases = (
				D3D0601B2C53F9D5003E73FF /* Sources */,
				D3D0601C2C53F9D5003E73FF /* Frameworks */,
				D3D0601D2C53F9D5003E73FF /* Resources */,
			);
			buildRules = (
			);
			dependencies = (
			);
			name = "experimental coding + github";
			productName = "experimental coding + github";
			productReference = D3D0601F2C53F9D5003E73FF /* experimental coding + github.app */;
			productType = "com.apple.product-type.application";
		};
		D3D0602E2C53F9D8003E73FF /* experimental coding + githubTests */ = {
			isa = PBXNativeTarget;
			buildConfigurationList = D3D060462C53F9D8003E73FF /* Build configuration list for PBXNativeTarget "experimental coding + githubTests" */;
			buildPhases = (
				D3D0602B2C53F9D8003E73FF /* Sources */,
				D3D0602C2C53F9D8003E73FF /* Frameworks */,
				D3D0602D2C53F9D8003E73FF /* Resources */,
			);
			buildRules = (
			);
			dependencies = (
				D3D060312C53F9D8003E73FF /* PBXTargetDependency */,
			);
			name = "experimental coding + githubTests";
			productName = "experimental coding + githubTests";
			productReference = D3D0602F2C53F9D8003E73FF /* experimental coding + githubTests.xctest */;
			productType = "com.apple.product-type.bundle.unit-test";
		};
		D3D060382C53F9D8003E73FF /* experimental coding + githubUITests */ = {
			isa = PBXNativeTarget;
			buildConfigurationList = D3D060492C53F9D8003E73FF /* Build configuration list for PBXNativeTarget "experimental coding + githubUITests" */;
			buildPhases = (
				D3D060352C53F9D8003E73FF /* Sources */,
				D3D060362C53F9D8003E73FF /* Frameworks */,
				D3D060372C53F9D8003E73FF /* Resources */,
			);
			buildRules = (
			);
			dependencies = (
				D3D0603B2C53F9D8003E73FF /* PBXTargetDependency */,
			);
			name = "experimental coding + githubUITests";
			productName = "experimental coding + githubUITests";
			productReference = D3D060392C53F9D8003E73FF /* experimental coding + githubUITests.xctest */;
			productType = "com.apple.product-type.bundle.ui-testing";
		};
/* End PBXNativeTarget section */

/* Begin PBXProject section */
		D3D060172C53F9D5003E73FF /* Project object */ = {
			isa = PBXProject;
			attributes = {
				BuildIndependentTargetsInParallel = 1;
				LastSwiftUpdateCheck = 1540;
				LastUpgradeCheck = 1540;
				TargetAttributes = {
					D3D0601E2C53F9D5003E73FF = {
						CreatedOnToolsVersion = 15.4;
					};
					D3D0602E2C53F9D8003E73FF = {
						CreatedOnToolsVersion = 15.4;
						TestTargetID = D3D0601E2C53F9D5003E73FF;
					};
					D3D060382C53F9D8003E73FF = {
						CreatedOnToolsVersion = 15.4;
						TestTargetID = D3D0601E2C53F9D5003E73FF;
					};
				};
			};
			buildConfigurationList = D3D0601A2C53F9D5003E73FF /* Build configuration list for PBXProject "experimental coding + github" */;
			compatibilityVersion = "Xcode 14.0";
			developmentRegion = en;
			hasScannedForEncodings = 0;
			knownRegions = (
				en,
				Base,
			);
			mainGroup = D3D060162C53F9D5003E73FF;
			productRefGroup = D3D060202C53F9D5003E73FF /* Products */;
			projectDirPath = "";
			projectRoot = "";
			targets = (
				D3D0601E2C53F9D5003E73FF /* experimental coding + github */,
				D3D0602E2C53F9D8003E73FF /* experimental coding + githubTests */,
				D3D060382C53F9D8003E73FF /* experimental coding + githubUITests */,
			);
		};
/* End PBXProject section */

/* Begin PBXResourcesBuildPhase section */
		D3D0601D2C53F9D5003E73FF /* Resources */ = {
			isa = PBXResourcesBuildPhase;
			buildActionMask = 2147483647;
			files = (
				D3D0602A2C53F9D7003E73FF /* Preview Assets.xcassets in Resources */,
				D3D060272C53F9D7003E73FF /* Assets.xcassets in Resources */,
			);
			runOnlyForDeploymentPostprocessing = 0;
		};
		D3D0602D2C53F9D8003E73FF /* Resources */ = {
			isa = PBXResourcesBuildPhase;
			buildActionMask = 2147483647;
			files = (
			);
			runOnlyForDeploymentPostprocessing = 0;
		};
		D3D060372C53F9D8003E73FF /* Resources */ = {
			isa = PBXResourcesBuildPhase;
			buildActionMask = 2147483647;
			files = (
			);
			runOnlyForDeploymentPostprocessing = 0;
		};
/* End PBXResourcesBuildPhase section */

/* Begin PBXSourcesBuildPhase section */
		D3D0601B2C53F9D5003E73FF /* Sources */ = {
			isa = PBXSourcesBuildPhase;
			buildActionMask = 2147483647;
			files = (
				D3D060252C53F9D5003E73FF /* ContentView.swift in Sources */,
				D3D060232C53F9D5003E73FF /* experimental_coding___githubApp.swift in Sources */,
			);
			runOnlyForDeploymentPostprocessing = 0;
		};
		D3D0602B2C53F9D8003E73FF /* Sources */ = {
			isa = PBXSourcesBuildPhase;
			buildActionMask = 2147483647;
			files = (
				D3D060342C53F9D8003E73FF /* experimental_coding___githubTests.swift in Sources */,
			);
			runOnlyForDeploymentPostprocessing = 0;
		};
		D3D060352C53F9D8003E73FF /* Sources */ = {
			isa = PBXSourcesBuildPhase;
			buildActionMask = 2147483647;
			files = (
				D3D0603E2C53F9D8003E73FF /* experimental_coding___githubUITests.swift in Sources */,
				D3D060402C53F9D8003E73FF /* experimental_coding___githubUITestsLaunchTests.swift in Sources */,
			);
			runOnlyForDeploymentPostprocessing = 0;
		};
/* End PBXSourcesBuildPhase section */

/* Begin PBXTargetDependency section */
		D3D060312C53F9D8003E73FF /* PBXTargetDependency */ = {
			isa = PBXTargetDependency;
			target = D3D0601E2C53F9D5003E73FF /* experimental coding + github */;
			targetProxy = D3D060302C53F9D8003E73FF /* PBXContainerItemProxy */;
		};
		D3D0603B2C53F9D8003E73FF /* PBXTargetDependency */ = {
			isa = PBXTargetDependency;
			target = D3D0601E2C53F9D5003E73FF /* experimental coding + github */;
			targetProxy = D3D0603A2C53F9D8003E73FF /* PBXContainerItemProxy */;
		};
/* End PBXTargetDependency section */

/* Begin XCBuildConfiguration section */
		D3D060412C53F9D8003E73FF /* Debug */ = {
			isa = XCBuildConfiguration;
			buildSettings = {
				ALWAYS_SEARCH_USER_PATHS = NO;
				ASSETCATALOG_COMPILER_GENERATE_SWIFT_ASSET_SYMBOL_EXTENSIONS = YES;
				CLANG_ANALYZER_NONNULL = YES;
				CLANG_ANALYZER_NUMBER_OBJECT_CONVERSION = YES_AGGRESSIVE;
				CLANG_CXX_LANGUAGE_STANDARD = "gnu++20";
				CLANG_ENABLE_MODULES = YES;
				CLANG_ENABLE_OBJC_ARC = YES;
				CLANG_ENABLE_OBJC_WEAK = YES;
				CLANG_WARN_BLOCK_CAPTURE_AUTORELEASING = YES;
				CLANG_WARN_BOOL_CONVERSION = YES;
				CLANG_WARN_COMMA = YES;
				CLANG_WARN_CONSTANT_CONVERSION = YES;
				CLANG_WARN_DEPRECATED_OBJC_IMPLEMENTATIONS = YES;
				CLANG_WARN_DIRECT_OBJC_ISA_USAGE = YES_ERROR;
				CLANG_WARN_DOCUMENTATION_COMMENTS = YES;
				CLANG_WARN_EMPTY_BODY = YES;
				CLANG_WARN_ENUM_CONVERSION = YES;
				CLANG_WARN_INFINITE_RECURSION = YES;
				CLANG_WARN_INT_CONVERSION = YES;
				CLANG_WARN_NON_LITERAL_NULL_CONVERSION = YES;
				CLANG_WARN_OBJC_IMPLICIT_RETAIN_SELF = YES;
				CLANG_WARN_OBJC_LITERAL_CONVERSION = YES;
				CLANG_WARN_OBJC_ROOT_CLASS = YES_ERROR;
				CLANG_WARN_QUOTED_INCLUDE_IN_FRAMEWORK_HEADER = YES;
				CLANG_WARN_RANGE_LOOP_ANALYSIS = YES;
				CLANG_WARN_STRICT_PROTOTYPES = YES;
				CLANG_WARN_SUSPICIOUS_MOVE = YES;
				CLANG_WARN_UNGUARDED_AVAILABILITY = YES_AGGRESSIVE;
				CLANG_WARN_UNREACHABLE_CODE = YES;
				CLANG_WARN__DUPLICATE_METHOD_MATCH = YES;
				COPY_PHASE_STRIP = NO;
				DEBUG_INFORMATION_FORMAT = dwarf;
				ENABLE_STRICT_OBJC_MSGSEND = YES;
				ENABLE_TESTABILITY = YES;
				ENABLE_USER_SCRIPT_SANDBOXING = YES;
				GCC_C_LANGUAGE_STANDARD = gnu17;
				GCC_DYNAMIC_NO_PIC = NO;
				GCC_NO_COMMON_BLOCKS = YES;
				GCC_OPTIMIZATION_LEVEL = 0;
				GCC_PREPROCESSOR_DEFINITIONS = (
					"DEBUG=1",
					"$(inherited)",
				);
				GCC_WARN_64_TO_32_BIT_CONVERSION = YES;
				GCC_WARN_ABOUT_RETURN_TYPE = YES_ERROR;
				GCC_WARN_UNDECLARED_SELECTOR = YES;
				GCC_WARN_UNINITIALIZED_AUTOS = YES_AGGRESSIVE;
				GCC_WARN_UNUSED_FUNCTION = YES;
				GCC_WARN_UNUSED_VARIABLE = YES;
				IPHONEOS_DEPLOYMENT_TARGET = 17.5;
				LOCALIZATION_PREFERS_STRING_CATALOGS = YES;
				MTL_ENABLE_DEBUG_INFO = INCLUDE_SOURCE;
				MTL_FAST_MATH = YES;
				ONLY_ACTIVE_ARCH = YES;
				SDKROOT = iphoneos;
				SWIFT_ACTIVE_COMPILATION_CONDITIONS = "DEBUG $(inherited)";
				SWIFT_OPTIMIZATION_LEVEL = "-Onone";
			};
			name = Debug;
		};
		D3D060422C53F9D8003E73FF /* Release */ = {
			isa = XCBuildConfiguration;
			buildSettings = {
				ALWAYS_SEARCH_USER_PATHS = NO;
				ASSETCATALOG_COMPILER_GENERATE_SWIFT_ASSET_SYMBOL_EXTENSIONS = YES;
				CLANG_ANALYZER_NONNULL = YES;
				CLANG_ANALYZER_NUMBER_OBJECT_CONVERSION = YES_AGGRESSIVE;
				CLANG_CXX_LANGUAGE_STANDARD = "gnu++20";
				CLANG_ENABLE_MODULES = YES;
				CLANG_ENABLE_OBJC_ARC = YES;
				CLANG_ENABLE_OBJC_WEAK = YES;
				CLANG_WARN_BLOCK_CAPTURE_AUTORELEASING = YES;
				CLANG_WARN_BOOL_CONVERSION = YES;
				CLANG_WARN_COMMA = YES;
				CLANG_WARN_CONSTANT_CONVERSION = YES;
				CLANG_WARN_DEPRECATED_OBJC_IMPLEMENTATIONS = YES;
				CLANG_WARN_DIRECT_OBJC_ISA_USAGE = YES_ERROR;
				CLANG_WARN_DOCUMENTATION_COMMENTS = YES;
				CLANG_WARN_EMPTY_BODY = YES;
				CLANG_WARN_ENUM_CONVERSION = YES;
				CLANG_WARN_INFINITE_RECURSION = YES;
				CLANG_WARN_INT_CONVERSION = YES;
				CLANG_WARN_NON_LITERAL_NULL_CONVERSION = YES;
				CLANG_WARN_OBJC_IMPLICIT_RETAIN_SELF = YES;
				CLANG_WARN_OBJC_LITERAL_CONVERSION = YES;
				CLANG_WARN_OBJC_ROOT_CLASS = YES_ERROR;
				CLANG_WARN_QUOTED_INCLUDE_IN_FRAMEWORK_HEADER = YES;
				CLANG_WARN_RANGE_LOOP_ANALYSIS = YES;
				CLANG_WARN_STRICT_PROTOTYPES = YES;
				CLANG_WARN_SUSPICIOUS_MOVE = YES;
				CLANG_WARN_UNGUARDED_AVAILABILITY = YES_AGGRESSIVE;
				CLANG_WARN_UNREACHABLE_CODE = YES;
				CLANG_WARN__DUPLICATE_METHOD_MATCH = YES;
				COPY_PHASE_STRIP = NO;
				DEBUG_INFORMATION_FORMAT = "dwarf-with-dsym";
				ENABLE_NS_ASSERTIONS = NO;
				ENABLE_STRICT_OBJC_MSGSEND = YES;
				ENABLE_USER_SCRIPT_SANDBOXING = YES;
				GCC_C_LANGUAGE_STANDARD = gnu17;
				GCC_NO_COMMON_BLOCKS = YES;
				GCC_WARN_64_TO_32_BIT_CONVERSION = YES;
				GCC_WARN_ABOUT_RETURN_TYPE = YES_ERROR;
				GCC_WARN_UNDECLARED_SELECTOR = YES;
				GCC_WARN_UNINITIALIZED_AUTOS = YES_AGGRESSIVE;
				GCC_WARN_UNUSED_FUNCTION = YES;
				GCC_WARN_UNUSED_VARIABLE = YES;
				IPHONEOS_DEPLOYMENT_TARGET = 17.5;
				LOCALIZATION_PREFERS_STRING_CATALOGS = YES;
				MTL_ENABLE_DEBUG_INFO = NO;
				MTL_FAST_MATH = YES;
				SDKROOT = iphoneos;
				SWIFT_COMPILATION_MODE = wholemodule;
				VALIDATE_PRODUCT = YES;
			};
			name = Release;
		};
		D3D060442C53F9D8003E73FF /* Debug */ = {
			isa = XCBuildConfiguration;
			buildSettings = {
				ASSETCATALOG_COMPILER_APPICON_NAME = AppIcon;
				ASSETCATALOG_COMPILER_GLOBAL_ACCENT_COLOR_NAME = AccentColor;
				CODE_SIGN_STYLE = Automatic;
				CURRENT_PROJECT_VERSION = 1;
				DEVELOPMENT_ASSET_PATHS = "\"experimental coding + github/Preview Content\"";
				ENABLE_PREVIEWS = YES;
				GENERATE_INFOPLIST_FILE = YES;
				INFOPLIST_KEY_UIApplicationSceneManifest_Generation = YES;
				INFOPLIST_KEY_UIApplicationSupportsIndirectInputEvents = YES;
				INFOPLIST_KEY_UILaunchScreen_Generation = YES;
				INFOPLIST_KEY_UISupportedInterfaceOrientations_iPad = "UIInterfaceOrientationPortrait UIInterfaceOrientationPortraitUpsideDown UIInterfaceOrientationLandscapeLeft UIInterfaceOrientationLandscapeRight";
				INFOPLIST_KEY_UISupportedInterfaceOrientations_iPhone = "UIInterfaceOrientationPortrait UIInterfaceOrientationLandscapeLeft UIInterfaceOrientationLandscapeRight";
				LD_RUNPATH_SEARCH_PATHS = (
					"$(inherited)",
					"@executable_path/Frameworks",
				);
				MARKETING_VERSION = 1.0;
				PRODUCT_BUNDLE_IDENTIFIER = "KWK.experimental-coding---github";
				PRODUCT_NAME = "$(TARGET_NAME)";
				SWIFT_EMIT_LOC_STRINGS = YES;
				SWIFT_VERSION = 5.0;
				TARGETED_DEVICE_FAMILY = "1,2";
			};
			name = Debug;
		};
		D3D060452C53F9D8003E73FF /* Release */ = {
			isa = XCBuildConfiguration;
			buildSettings = {
				ASSETCATALOG_COMPILER_APPICON_NAME = AppIcon;
				ASSETCATALOG_COMPILER_GLOBAL_ACCENT_COLOR_NAME = AccentColor;
				CODE_SIGN_STYLE = Automatic;
				CURRENT_PROJECT_VERSION = 1;
				DEVELOPMENT_ASSET_PATHS = "\"experimental coding + github/Preview Content\"";
				ENABLE_PREVIEWS = YES;
				GENERATE_INFOPLIST_FILE = YES;
				INFOPLIST_KEY_UIApplicationSceneManifest_Generation = YES;
				INFOPLIST_KEY_UIApplicationSupportsIndirectInputEvents = YES;
				INFOPLIST_KEY_UILaunchScreen_Generation = YES;
				INFOPLIST_KEY_UISupportedInterfaceOrientations_iPad = "UIInterfaceOrientationPortrait UIInterfaceOrientationPortraitUpsideDown UIInterfaceOrientationLandscapeLeft UIInterfaceOrientationLandscapeRight";
				INFOPLIST_KEY_UISupportedInterfaceOrientations_iPhone = "UIInterfaceOrientationPortrait UIInterfaceOrientationLandscapeLeft UIInterfaceOrientationLandscapeRight";
				LD_RUNPATH_SEARCH_PATHS = (
					"$(inherited)",
					"@executable_path/Frameworks",
				);
				MARKETING_VERSION = 1.0;
				PRODUCT_BUNDLE_IDENTIFIER = "KWK.experimental-coding---github";
				PRODUCT_NAME = "$(TARGET_NAME)";
				SWIFT_EMIT_LOC_STRINGS = YES;
				SWIFT_VERSION = 5.0;
				TARGETED_DEVICE_FAMILY = "1,2";
			};
			name = Release;
		};
		D3D060472C53F9D8003E73FF /* Debug */ = {
			isa = XCBuildConfiguration;
			buildSettings = {
				ALWAYS_EMBED_SWIFT_STANDARD_LIBRARIES = YES;
				BUNDLE_LOADER = "$(TEST_HOST)";
				CODE_SIGN_STYLE = Automatic;
				CURRENT_PROJECT_VERSION = 1;
				GENERATE_INFOPLIST_FILE = YES;
				IPHONEOS_DEPLOYMENT_TARGET = 17.5;
				MARKETING_VERSION = 1.0;
				PRODUCT_BUNDLE_IDENTIFIER = "KWK.experimental-coding---githubTests";
				PRODUCT_NAME = "$(TARGET_NAME)";
				SWIFT_EMIT_LOC_STRINGS = NO;
				SWIFT_VERSION = 5.0;
				TARGETED_DEVICE_FAMILY = "1,2";
				TEST_HOST = "$(BUILT_PRODUCTS_DIR)/experimental coding + github.app/$(BUNDLE_EXECUTABLE_FOLDER_PATH)/experimental coding + github";
			};
			name = Debug;
		};
		D3D060482C53F9D8003E73FF /* Release */ = {
			isa = XCBuildConfiguration;
			buildSettings = {
				ALWAYS_EMBED_SWIFT_STANDARD_LIBRARIES = YES;
				BUNDLE_LOADER = "$(TEST_HOST)";
				CODE_SIGN_STYLE = Automatic;
				CURRENT_PROJECT_VERSION = 1;
				GENERATE_INFOPLIST_FILE = YES;
				IPHONEOS_DEPLOYMENT_TARGET = 17.5;
				MARKETING_VERSION = 1.0;
				PRODUCT_BUNDLE_IDENTIFIER = "KWK.experimental-coding---githubTests";
				PRODUCT_NAME = "$(TARGET_NAME)";
				SWIFT_EMIT_LOC_STRINGS = NO;
				SWIFT_VERSION = 5.0;
				TARGETED_DEVICE_FAMILY = "1,2";
				TEST_HOST = "$(BUILT_PRODUCTS_DIR)/experimental coding + github.app/$(BUNDLE_EXECUTABLE_FOLDER_PATH)/experimental coding + github";
			};
			name = Release;
		};
		D3D0604A2C53F9D8003E73FF /* Debug */ = {
			isa = XCBuildConfiguration;
			buildSettings = {
				ALWAYS_EMBED_SWIFT_STANDARD_LIBRARIES = YES;
				CODE_SIGN_STYLE = Automatic;
				CURRENT_PROJECT_VERSION = 1;
				GENERATE_INFOPLIST_FILE = YES;
				MARKETING_VERSION = 1.0;
				PRODUCT_BUNDLE_IDENTIFIER = "KWK.experimental-coding---githubUITests";
				PRODUCT_NAME = "$(TARGET_NAME)";
				SWIFT_EMIT_LOC_STRINGS = NO;
				SWIFT_VERSION = 5.0;
				TARGETED_DEVICE_FAMILY = "1,2";
				TEST_TARGET_NAME = "experimental coding + github";
			};
			name = Debug;
		};
		D3D0604B2C53F9D8003E73FF /* Release */ = {
			isa = XCBuildConfiguration;
			buildSettings = {
				ALWAYS_EMBED_SWIFT_STANDARD_LIBRARIES = YES;
				CODE_SIGN_STYLE = Automatic;
				CURRENT_PROJECT_VERSION = 1;
				GENERATE_INFOPLIST_FILE = YES;
				MARKETING_VERSION = 1.0;
				PRODUCT_BUNDLE_IDENTIFIER = "KWK.experimental-coding---githubUITests";
				PRODUCT_NAME = "$(TARGET_NAME)";
				SWIFT_EMIT_LOC_STRINGS = NO;
				SWIFT_VERSION = 5.0;
				TARGETED_DEVICE_FAMILY = "1,2";
				TEST_TARGET_NAME = "experimental coding + github";
			};
			name = Release;
		};
/* End XCBuildConfiguration section */

/* Begin XCConfigurationList section */
		D3D0601A2C53F9D5003E73FF /* Build configuration list for PBXProject "experimental coding + github" */ = {
			isa = XCConfigurationList;
			buildConfigurations = (
				D3D060412C53F9D8003E73FF /* Debug */,
				D3D060422C53F9D8003E73FF /* Release */,
			);
			defaultConfigurationIsVisible = 0;
			defaultConfigurationName = Release;
		};
		D3D060432C53F9D8003E73FF /* Build configuration list for PBXNativeTarget "experimental coding + github" */ = {
			isa = XCConfigurationList;
			buildConfigurations = (
				D3D060442C53F9D8003E73FF /* Debug */,
				D3D060452C53F9D8003E73FF /* Release */,
			);
			defaultConfigurationIsVisible = 0;
			defaultConfigurationName = Release;
		};
		D3D060462C53F9D8003E73FF /* Build configuration list for PBXNativeTarget "experimental coding + githubTests" */ = {
			isa = XCConfigurationList;
			buildConfigurations = (
				D3D060472C53F9D8003E73FF /* Debug */,
				D3D060482C53F9D8003E73FF /* Release */,
			);
			defaultConfigurationIsVisible = 0;
			defaultConfigurationName = Release;
		};
		D3D060492C53F9D8003E73FF /* Build configuration list for PBXNativeTarget "experimental coding + githubUITests" */ = {
			isa = XCConfigurationList;
			buildConfigurations = (
				D3D0604A2C53F9D8003E73FF /* Debug */,
				D3D0604B2C53F9D8003E73FF /* Release */,
			);
			defaultConfigurationIsVisible = 0;
			defaultConfigurationName = Release;
		};
/* End XCConfigurationList section */
	};
	rootObject = D3D060172C53F9D5003E73FF /* Project object */;
}
